{
  "name": "gatsby-starter-lumen",
  "version": "3.0.0",
  "lockfileVersion": 1,
  "requires": true,
  "dependencies": {
    "@types/node": {
      "version": "10.12.30",
      "resolved": "https://registry.npmjs.org/@types/node/-/node-10.12.30.tgz",
      "integrity": "sha512-nsqTN6zUcm9xtdJiM9OvOJ5EF0kOI8f1Zuug27O/rgtxCRJHGqncSWfCMZUP852dCKPsDsYXGvBhxfRjDBkF5Q=="
    },
    "gatsby-remark-embed-video": {
      "version": "1.7.0",
      "resolved": "https://registry.npmjs.org/gatsby-remark-embed-video/-/gatsby-remark-embed-video-1.7.0.tgz",
      "integrity": "sha512-WSZKEvs8Apg/ILeHCeHtCOjHaSRC9ol1Wx409iRISXtPZgJTnqDYS4HWAt5dYdZ6U6wv5PThFcfETZHfIXD2kw==",
      "requires": {
        "@types/node": "^10.12.12",
        "get-video-id": "^3.1.0",
        "unist-util-visit": "^1.4.0"
      }
    },
    "get-src": {
      "version": "1.0.1",
      "resolved": "https://registry.npmjs.org/get-src/-/get-src-1.0.1.tgz",
      "integrity": "sha1-yhHb5Kk8fzqoXOyV/LCy36qVOe4="
    },
    "get-video-id": {
      "version": "3.1.0",
      "resolved": "https://registry.npmjs.org/get-video-id/-/get-video-id-3.1.0.tgz",
      "integrity": "sha512-dWjLwCBtvGB8aP5S91Vs5W01dTaEykY43whz+wSS9G0zkuTmh7FZ1rZ4A5M33vf/8vvHPlMhLreUSdEJ4yW7Dw==",
      "requires": {
        "get-src": "^1.0.1"
      }
    },
    "unist-util-is": {
      "version": "2.1.2",
      "resolved": "https://registry.npmjs.org/unist-util-is/-/unist-util-is-2.1.2.tgz",
      "integrity": "sha512-YkXBK/H9raAmG7KXck+UUpnKiNmUdB+aBGrknfQ4EreE1banuzrKABx3jP6Z5Z3fMSPMQQmeXBlKpCbMwBkxVw=="
    },
    "unist-util-visit": {
      "version": "1.4.0",
      "resolved": "https://registry.npmjs.org/unist-util-visit/-/unist-util-visit-1.4.0.tgz",
      "integrity": "sha512-FiGu34ziNsZA3ZUteZxSFaczIjGmksfSgdKqBfOejrrfzyUy5b7YrlzT1Bcvi+djkYDituJDy2XB7tGTeBieKw==",
      "requires": {
        "unist-util-visit-parents": "^2.0.0"
      }
    },
    "unist-util-visit-parents": {
      "version": "2.0.1",
      "resolved": "https://registry.npmjs.org/unist-util-visit-parents/-/unist-util-visit-parents-2.0.1.tgz",
      "integrity": "sha512-6B0UTiMfdWql4cQ03gDTCSns+64Zkfo2OCbK31Ov0uMizEz+CJeAp0cgZVb5Fhmcd7Bct2iRNywejT0orpbqUA==",
      "requires": {
        "unist-util-is": "^2.1.2"
      }
    }
  }
}
